
Microsoft Visual Studio Solution File, Format Version 12.00
# Visual Studio Version 17
VisualStudioVersion = 17.5.33530.505
MinimumVisualStudioVersion = 10.0.40219.1
Project("{FAE04EC0-301F-11D3-BF4B-00C04F79EFBC}") = "ListTasks", "ListTasks.csproj", "{72630E61-A68A-463A-BB0F-F918703129BD}"
EndProject
Global
	GlobalSection(SolutionConfigurationPlatforms) = preSolution
		Debug|Any CPU = Debug|Any CPU
		Release|Any CPU = Release|Any CPU
	EndGlobalSection
	GlobalSection(ProjectConfigurationPlatforms) = postSolution
		{72630E61-A68A-463A-BB0F-F918703129BD}.Debug|Any CPU.ActiveCfg = Debug|Any CPU
		{72630E61-A68A-463A-BB0F-F918703129BD}.Debug|Any CPU.Build.0 = Debug|Any CPU
		{72630E61-A68A-463A-BB0F-F918703129BD}.Release|Any CPU.ActiveCfg = Release|Any CPU
		{72630E61-A68A-463A-BB0F-F918703129BD}.Release|Any CPU.Build.0 = Release|Any CPU
	EndGlobalSection
	GlobalSection(SolutionProperties) = preSolution
		HideSolutionNode = FALSE
	EndGlobalSection
	GlobalSection(ExtensibilityGlobals) = postSolution
		SolutionGuid = {00600B4A-EE29-447F-A787-B08D187C2969}
	EndGlobalSection
EndGlobal
